{
  "name": "supply-baas",
  "lockfileVersion": 3,
  "packages": {
    "": { "name": "supply-baas" },
    "node_modules/next": {
      "version": "15.1.0",
      "resolved": "https://registry.npmjs.org/next/-/next-15.1.0.tgz"
    },
    "node_modules/@sveltejs/adapter-vercel": {
      "version": "6.3.1",
      "resolved": "https://registry.npmjs.org/@sveltejs/adapter-vercel/-/adapter-vercel-6.3.1.tgz"
    },
    "node_modules/@scope/native-thing": {
      "version": "1.0.0",
      "resolved": "https://registry.npmjs.org/@scope/native-thing/-/native-thing-1.0.0.tgz",
      "integrity": "sha512-AAAAAAAAAAAAAAAAAAAAAAAAAAAAAAAAAAAAAAAAAAAAAAAAAAAAAAAAAAAAAAAAAAAAAAAAAAAAAAAAAAAAAA==",
      "dev": true,
      "license": "MIT",
      "hasInstallScript": true
    },
    "node_modules/internal-lib": {
      "version": "0.1.0",
      "resolved": "git+https://user:secret@example.invalid/internal-lib.git#0123456789abcdef"
    }
  }
}
